
Microsoft Visual Studio Solution File, Format Version 12.00
# Visual Studio Version 17
VisualStudioVersion = 17.5.33414.496
MinimumVisualStudioVersion = 10.0.40219.1
Project("{2150E333-8FDC-42A3-9474-1A3956D46DE8}") = "Internal", "Internal", "{D2C606F5-215D-4040-873B-DF4A5A38C23F}"
EndProject
Project("{2150E333-8FDC-42A3-9474-1A3956D46DE8}") = "QActions", "QActions", "{E538CAEA-4DE9-4DF3-AA22-2AEC6898128F}"
EndProject
Project("{2150E333-8FDC-42A3-9474-1A3956D46DE8}") = "Dlls", "Dlls", "{E219E12A-0B69-437A-95D9-36DBD26F76E8}"
	ProjectSection(SolutionItems) = preProject
		Dlls\readme.txt = Dlls\readme.txt
	EndProjectSection
EndProject
Project("{2150E333-8FDC-42A3-9474-1A3956D46DE8}") = "Documentation", "Documentation", "{B0111E7D-CE91-4D16-B846-F536C837CCCE}"
	ProjectSection(SolutionItems) = preProject
		Documentation\readme.txt = Documentation\readme.txt
	EndProjectSection
EndProject
Project("{2150E333-8FDC-42A3-9474-1A3956D46DE8}") = "Solution Items", "Solution Items", "{C4FE4605-8312-4F0A-9385-413C4ADD4699}"
	ProjectSection(SolutionItems) = preProject
		protocol.xml = protocol.xml
	EndProjectSection
EndProject
Project("{2150E333-8FDC-42A3-9474-1A3956D46DE8}") = "Code Analysis", "Code Analysis", "{FE4D140A-3024-46F8-8481-D688EE4F674D}"
	ProjectSection(SolutionItems) = preProject
		Internal\Code Analysis\qaction-debug.ruleset = Internal\Code Analysis\qaction-debug.ruleset
		Internal\Code Analysis\qaction-release.ruleset = Internal\Code Analysis\qaction-release.ruleset
	EndProjectSection
EndProject
Project("{FAE04EC0-301F-11D3-BF4B-00C04F79EFBC}") = "QAction_Helper", "QAction_Helper\QAction_Helper.csproj", "{9C407CF2-DE3B-449B-9476-36302FDD8C57}"
EndProject
Project("{FAE04EC0-301F-11D3-BF4B-00C04F79EFBC}") = "QAction_63000", "QAction_63000\QAction_63000.csproj", "{F4685D71-A481-44AE-9EB0-5ADAB4726EA9}"
EndProject
Project("{FAE04EC0-301F-11D3-BF4B-00C04F79EFBC}") = "QAction_1", "QAction_1\QAction_1.csproj", "{92405CAE-DEB6-4830-B776-8EA306C408BC}"
EndProject
Project("{FAE04EC0-301F-11D3-BF4B-00C04F79EFBC}") = "QAction_102", "QAction_102\QAction_102.csproj", "{EF4C2BF7-03BB-4A42-AEA5-FE3BC2102298}"
EndProject
Project("{FAE04EC0-301F-11D3-BF4B-00C04F79EFBC}") = "QAction_105", "QAction_105\QAction_105.csproj", "{7E55EFDD-A274-4EB6-A8E8-1E8FA206D5E2}"
EndProject
Project("{FAE04EC0-301F-11D3-BF4B-00C04F79EFBC}") = "QAction_300", "QAction_300\QAction_300.csproj", "{7C5D9468-0DAC-45AC-8216-CDDE73D69C6B}"
EndProject
Project("{FAE04EC0-301F-11D3-BF4B-00C04F79EFBC}") = "QAction_9000000", "QAction_9000000\QAction_9000000.csproj", "{C51F1D5E-2176-49D2-9A06-C15F18C69E13}"
EndProject
Global
	GlobalSection(SolutionConfigurationPlatforms) = preSolution
		Debug|Any CPU = Debug|Any CPU
		Release|Any CPU = Release|Any CPU
	EndGlobalSection
	GlobalSection(ProjectConfigurationPlatforms) = postSolution
		{9C407CF2-DE3B-449B-9476-36302FDD8C57}.Debug|Any CPU.ActiveCfg = Debug|Any CPU
		{9C407CF2-DE3B-449B-9476-36302FDD8C57}.Debug|Any CPU.Build.0 = Debug|Any CPU
		{9C407CF2-DE3B-449B-9476-36302FDD8C57}.Release|Any CPU.ActiveCfg = Release|Any CPU
		{9C407CF2-DE3B-449B-9476-36302FDD8C57}.Release|Any CPU.Build.0 = Release|Any CPU
		{F4685D71-A481-44AE-9EB0-5ADAB4726EA9}.Debug|Any CPU.ActiveCfg = Debug|Any CPU
		{F4685D71-A481-44AE-9EB0-5ADAB4726EA9}.Debug|Any CPU.Build.0 = Debug|Any CPU
		{F4685D71-A481-44AE-9EB0-5ADAB4726EA9}.Release|Any CPU.ActiveCfg = Release|Any CPU
		{F4685D71-A481-44AE-9EB0-5ADAB4726EA9}.Release|Any CPU.Build.0 = Release|Any CPU
		{92405CAE-DEB6-4830-B776-8EA306C408BC}.Debug|Any CPU.ActiveCfg = Debug|Any CPU
		{92405CAE-DEB6-4830-B776-8EA306C408BC}.Debug|Any CPU.Build.0 = Debug|Any CPU
		{92405CAE-DEB6-4830-B776-8EA306C408BC}.Release|Any CPU.ActiveCfg = Release|Any CPU
		{92405CAE-DEB6-4830-B776-8EA306C408BC}.Release|Any CPU.Build.0 = Release|Any CPU
		{EF4C2BF7-03BB-4A42-AEA5-FE3BC2102298}.Debug|Any CPU.ActiveCfg = Debug|Any CPU
		{EF4C2BF7-03BB-4A42-AEA5-FE3BC2102298}.Debug|Any CPU.Build.0 = Debug|Any CPU
		{EF4C2BF7-03BB-4A42-AEA5-FE3BC2102298}.Release|Any CPU.ActiveCfg = Release|Any CPU
		{EF4C2BF7-03BB-4A42-AEA5-FE3BC2102298}.Release|Any CPU.Build.0 = Release|Any CPU
		{7E55EFDD-A274-4EB6-A8E8-1E8FA206D5E2}.Debug|Any CPU.ActiveCfg = Debug|Any CPU
		{7E55EFDD-A274-4EB6-A8E8-1E8FA206D5E2}.Debug|Any CPU.Build.0 = Debug|Any CPU
		{7E55EFDD-A274-4EB6-A8E8-1E8FA206D5E2}.Release|Any CPU.ActiveCfg = Release|Any CPU
		{7E55EFDD-A274-4EB6-A8E8-1E8FA206D5E2}.Release|Any CPU.Build.0 = Release|Any CPU
		{7C5D9468-0DAC-45AC-8216-CDDE73D69C6B}.Debug|Any CPU.ActiveCfg = Debug|Any CPU
		{7C5D9468-0DAC-45AC-8216-CDDE73D69C6B}.Debug|Any CPU.Build.0 = Debug|Any CPU
		{7C5D9468-0DAC-45AC-8216-CDDE73D69C6B}.Release|Any CPU.ActiveCfg = Release|Any CPU
		{7C5D9468-0DAC-45AC-8216-CDDE73D69C6B}.Release|Any CPU.Build.0 = Release|Any CPU
		{C51F1D5E-2176-49D2-9A06-C15F18C69E13}.Debug|Any CPU.ActiveCfg = Debug|Any CPU
		{C51F1D5E-2176-49D2-9A06-C15F18C69E13}.Debug|Any CPU.Build.0 = Debug|Any CPU
		{C51F1D5E-2176-49D2-9A06-C15F18C69E13}.Release|Any CPU.ActiveCfg = Release|Any CPU
		{C51F1D5E-2176-49D2-9A06-C15F18C69E13}.Release|Any CPU.Build.0 = Release|Any CPU
	EndGlobalSection
	GlobalSection(SolutionProperties) = preSolution
		HideSolutionNode = FALSE
	EndGlobalSection
	GlobalSection(NestedProjects) = preSolution
		{FE4D140A-3024-46F8-8481-D688EE4F674D} = {D2C606F5-215D-4040-873B-DF4A5A38C23F}
		{9C407CF2-DE3B-449B-9476-36302FDD8C57} = {D2C606F5-215D-4040-873B-DF4A5A38C23F}
		{F4685D71-A481-44AE-9EB0-5ADAB4726EA9} = {E538CAEA-4DE9-4DF3-AA22-2AEC6898128F}
		{92405CAE-DEB6-4830-B776-8EA306C408BC} = {E538CAEA-4DE9-4DF3-AA22-2AEC6898128F}
		{EF4C2BF7-03BB-4A42-AEA5-FE3BC2102298} = {E538CAEA-4DE9-4DF3-AA22-2AEC6898128F}
		{7E55EFDD-A274-4EB6-A8E8-1E8FA206D5E2} = {E538CAEA-4DE9-4DF3-AA22-2AEC6898128F}
		{7C5D9468-0DAC-45AC-8216-CDDE73D69C6B} = {E538CAEA-4DE9-4DF3-AA22-2AEC6898128F}
		{C51F1D5E-2176-49D2-9A06-C15F18C69E13} = {E538CAEA-4DE9-4DF3-AA22-2AEC6898128F}
	EndGlobalSection
	GlobalSection(ExtensibilityGlobals) = postSolution
		SolutionGuid = {9D2DA168-4C67-4DFF-8FAD-F2393AEAA04C}
	EndGlobalSection
EndGlobal
