
Microsoft Visual Studio Solution File, Format Version 12.00
# Visual Studio Version 17
VisualStudioVersion = 17.5.33414.496
MinimumVisualStudioVersion = 10.0.40219.1
Project("{2150E333-8FDC-42A3-9474-1A3956D46DE8}") = "Internal", "Internal", "{F8108C2E-12CA-4C0E-8469-17E93DCCAAC0}"
EndProject
Project("{2150E333-8FDC-42A3-9474-1A3956D46DE8}") = "QActions", "QActions", "{EF85FCED-2C92-40BB-832B-8DFA53FE06CC}"
EndProject
Project("{2150E333-8FDC-42A3-9474-1A3956D46DE8}") = "Dlls", "Dlls", "{F45A79B6-17FB-40FA-BF71-E413D363D343}"
	ProjectSection(SolutionItems) = preProject
		Dlls\readme.txt = Dlls\readme.txt
	EndProjectSection
EndProject
Project("{2150E333-8FDC-42A3-9474-1A3956D46DE8}") = "Documentation", "Documentation", "{57C4CE5E-8272-4FF1-ACE2-112297703F27}"
	ProjectSection(SolutionItems) = preProject
		Documentation\readme.txt = Documentation\readme.txt
	EndProjectSection
EndProject
Project("{2150E333-8FDC-42A3-9474-1A3956D46DE8}") = "Solution Items", "Solution Items", "{322F17E4-AC9D-43E0-9ACB-40A8F8DCA84F}"
	ProjectSection(SolutionItems) = preProject
		protocol.xml = protocol.xml
	EndProjectSection
EndProject
Project("{2150E333-8FDC-42A3-9474-1A3956D46DE8}") = "Code Analysis", "Code Analysis", "{EE7E595F-8462-40D5-B9F2-0BA16ACFE961}"
	ProjectSection(SolutionItems) = preProject
		Internal\Code Analysis\qaction-debug.ruleset = Internal\Code Analysis\qaction-debug.ruleset
		Internal\Code Analysis\qaction-release.ruleset = Internal\Code Analysis\qaction-release.ruleset
	EndProjectSection
EndProject
Project("{FAE04EC0-301F-11D3-BF4B-00C04F79EFBC}") = "QAction_Helper", "QAction_Helper\QAction_Helper.csproj", "{EF0DF9BE-444D-4AA6-89EF-21E32E600F0E}"
EndProject
Project("{FAE04EC0-301F-11D3-BF4B-00C04F79EFBC}") = "QAction_63000", "QAction_63000\QAction_63000.csproj", "{123A920E-ADD7-426D-9E14-428C8951D44D}"
EndProject
Project("{FAE04EC0-301F-11D3-BF4B-00C04F79EFBC}") = "QAction_1", "QAction_1\QAction_1.csproj", "{349B4BA1-8699-4F08-852B-EDE6FE5AFEC6}"
EndProject
Project("{FAE04EC0-301F-11D3-BF4B-00C04F79EFBC}") = "QAction_102", "QAction_102\QAction_102.csproj", "{0CC61DCF-DC0F-4D8D-9BBD-04346DB38313}"
EndProject
Project("{FAE04EC0-301F-11D3-BF4B-00C04F79EFBC}") = "QAction_105", "QAction_105\QAction_105.csproj", "{E3386C01-2328-46DC-83FE-9CA76743343F}"
EndProject
Project("{FAE04EC0-301F-11D3-BF4B-00C04F79EFBC}") = "QAction_9000000", "QAction_9000000\QAction_9000000.csproj", "{7BED5C49-4B25-42CF-BC40-0A5643F1C20F}"
EndProject
Project("{FAE04EC0-301F-11D3-BF4B-00C04F79EFBC}") = "QAction_9000001", "QAction_9000001\QAction_9000001.csproj", "{C69FD411-BC01-47DE-92A5-8E2AAE8A44B3}"
EndProject
Global
	GlobalSection(SolutionConfigurationPlatforms) = preSolution
		Debug|Any CPU = Debug|Any CPU
		Release|Any CPU = Release|Any CPU
	EndGlobalSection
	GlobalSection(ProjectConfigurationPlatforms) = postSolution
		{EF0DF9BE-444D-4AA6-89EF-21E32E600F0E}.Debug|Any CPU.ActiveCfg = Debug|Any CPU
		{EF0DF9BE-444D-4AA6-89EF-21E32E600F0E}.Debug|Any CPU.Build.0 = Debug|Any CPU
		{EF0DF9BE-444D-4AA6-89EF-21E32E600F0E}.Release|Any CPU.ActiveCfg = Release|Any CPU
		{EF0DF9BE-444D-4AA6-89EF-21E32E600F0E}.Release|Any CPU.Build.0 = Release|Any CPU
		{123A920E-ADD7-426D-9E14-428C8951D44D}.Debug|Any CPU.ActiveCfg = Debug|Any CPU
		{123A920E-ADD7-426D-9E14-428C8951D44D}.Debug|Any CPU.Build.0 = Debug|Any CPU
		{123A920E-ADD7-426D-9E14-428C8951D44D}.Release|Any CPU.ActiveCfg = Release|Any CPU
		{123A920E-ADD7-426D-9E14-428C8951D44D}.Release|Any CPU.Build.0 = Release|Any CPU
		{349B4BA1-8699-4F08-852B-EDE6FE5AFEC6}.Debug|Any CPU.ActiveCfg = Debug|Any CPU
		{349B4BA1-8699-4F08-852B-EDE6FE5AFEC6}.Debug|Any CPU.Build.0 = Debug|Any CPU
		{349B4BA1-8699-4F08-852B-EDE6FE5AFEC6}.Release|Any CPU.ActiveCfg = Release|Any CPU
		{349B4BA1-8699-4F08-852B-EDE6FE5AFEC6}.Release|Any CPU.Build.0 = Release|Any CPU
		{0CC61DCF-DC0F-4D8D-9BBD-04346DB38313}.Debug|Any CPU.ActiveCfg = Debug|Any CPU
		{0CC61DCF-DC0F-4D8D-9BBD-04346DB38313}.Debug|Any CPU.Build.0 = Debug|Any CPU
		{0CC61DCF-DC0F-4D8D-9BBD-04346DB38313}.Release|Any CPU.ActiveCfg = Release|Any CPU
		{0CC61DCF-DC0F-4D8D-9BBD-04346DB38313}.Release|Any CPU.Build.0 = Release|Any CPU
		{E3386C01-2328-46DC-83FE-9CA76743343F}.Debug|Any CPU.ActiveCfg = Debug|Any CPU
		{E3386C01-2328-46DC-83FE-9CA76743343F}.Debug|Any CPU.Build.0 = Debug|Any CPU
		{E3386C01-2328-46DC-83FE-9CA76743343F}.Release|Any CPU.ActiveCfg = Release|Any CPU
		{E3386C01-2328-46DC-83FE-9CA76743343F}.Release|Any CPU.Build.0 = Release|Any CPU
		{7BED5C49-4B25-42CF-BC40-0A5643F1C20F}.Debug|Any CPU.ActiveCfg = Debug|Any CPU
		{7BED5C49-4B25-42CF-BC40-0A5643F1C20F}.Debug|Any CPU.Build.0 = Debug|Any CPU
		{7BED5C49-4B25-42CF-BC40-0A5643F1C20F}.Release|Any CPU.ActiveCfg = Release|Any CPU
		{7BED5C49-4B25-42CF-BC40-0A5643F1C20F}.Release|Any CPU.Build.0 = Release|Any CPU
		{C69FD411-BC01-47DE-92A5-8E2AAE8A44B3}.Debug|Any CPU.ActiveCfg = Debug|Any CPU
		{C69FD411-BC01-47DE-92A5-8E2AAE8A44B3}.Debug|Any CPU.Build.0 = Debug|Any CPU
		{C69FD411-BC01-47DE-92A5-8E2AAE8A44B3}.Release|Any CPU.ActiveCfg = Release|Any CPU
		{C69FD411-BC01-47DE-92A5-8E2AAE8A44B3}.Release|Any CPU.Build.0 = Release|Any CPU
	EndGlobalSection
	GlobalSection(SolutionProperties) = preSolution
		HideSolutionNode = FALSE
	EndGlobalSection
	GlobalSection(NestedProjects) = preSolution
		{EE7E595F-8462-40D5-B9F2-0BA16ACFE961} = {F8108C2E-12CA-4C0E-8469-17E93DCCAAC0}
		{EF0DF9BE-444D-4AA6-89EF-21E32E600F0E} = {F8108C2E-12CA-4C0E-8469-17E93DCCAAC0}
		{123A920E-ADD7-426D-9E14-428C8951D44D} = {EF85FCED-2C92-40BB-832B-8DFA53FE06CC}
		{349B4BA1-8699-4F08-852B-EDE6FE5AFEC6} = {EF85FCED-2C92-40BB-832B-8DFA53FE06CC}
		{0CC61DCF-DC0F-4D8D-9BBD-04346DB38313} = {EF85FCED-2C92-40BB-832B-8DFA53FE06CC}
		{E3386C01-2328-46DC-83FE-9CA76743343F} = {EF85FCED-2C92-40BB-832B-8DFA53FE06CC}
		{7BED5C49-4B25-42CF-BC40-0A5643F1C20F} = {EF85FCED-2C92-40BB-832B-8DFA53FE06CC}
		{C69FD411-BC01-47DE-92A5-8E2AAE8A44B3} = {EF85FCED-2C92-40BB-832B-8DFA53FE06CC}
	EndGlobalSection
	GlobalSection(ExtensibilityGlobals) = postSolution
		SolutionGuid = {28CA4603-8434-4A41-AAB3-523F0BD49B83}
	EndGlobalSection
EndGlobal
